<?xml version="1.0" encoding="utf-8"?>
<Project ToolsVersion="4.0" xmlns="http://schemas.microsoft.com/developer/msbuild/2003">
  <ItemGroup>
    <Filter Include="MainRenderer">
      <UniqueIdentifier>{3752728e-4e9c-441d-ab5c-2ba1406e233e}</UniqueIdentifier>
    </Filter>
    <Filter Include="Tools">
      <UniqueIdentifier>{c0b9d07d-006c-41d9-9acc-4bcc89f50352}</UniqueIdentifier>
    </Filter>
    <Filter Include="RenderObjects">
      <UniqueIdentifier>{710ff287-2efa-465b-a31c-3dd9cd475013}</UniqueIdentifier>
    </Filter>
    <Filter Include="RenderObjects\Components">
      <UniqueIdentifier>{6c37c9d5-8c83-4c7b-88c4-d446abe75012}</UniqueIdentifier>
    </Filter>
    <Filter Include="RenderObjects\RenderFactory">
      <UniqueIdentifier>{da181359-a571-4d9f-a616-c21aad912025}</UniqueIdentifier>
    </Filter>
    <Filter Include="MainRenderer\Handlers">
      <UniqueIdentifier>{b0619442-1d33-408c-afd4-75b096f981a0}</UniqueIdentifier>
    </Filter>
    <Filter Include="RenderInterfaces">
      <UniqueIdentifier>{fcfade03-c678-45ef-b827-c617670b51c2}</UniqueIdentifier>
    </Filter>
    <Filter Include="Structs">
      <UniqueIdentifier>{2146820d-b9c4-418b-87a9-36928226f43d}</UniqueIdentifier>
    </Filter>
    <Filter Include="MainRenderer\VulkanDebug">
      <UniqueIdentifier>{41425b40-895c-4d50-b6f7-c413859c8a44}</UniqueIdentifier>
    </Filter>
    <Filter Include="ImGuiFiles">
      <UniqueIdentifier>{312b92d5-a7f9-4926-83e3-75ca059323f8}</UniqueIdentifier>
    </Filter>
  </ItemGroup>
  <ItemGroup>
    <ClCompile Include="main.cpp" />
    <ClCompile Include="MainRenderer\Renderer.cpp">
      <Filter>MainRenderer</Filter>
    </ClCompile>
    <ClCompile Include="MainRenderer\Window.cpp">
      <Filter>MainRenderer</Filter>
    </ClCompile>
    <ClCompile Include="MainRenderer\VulkanDebugger\VulkanDebug.cpp">
      <Filter>MainRenderer\VulkanDebug</Filter>
    </ClCompile>
    <ClCompile Include="MainRenderer\Tools\ResourceLoader.cpp">
      <Filter>Tools</Filter>
    </ClCompile>
    <ClCompile Include="MainRenderer\RenderObjects\BaseRenderObject.cpp">
      <Filter>RenderObjects</Filter>
    </ClCompile>
    <ClCompile Include="MainRenderer\RenderObjects\RenderShape.cpp">
      <Filter>RenderObjects</Filter>
    </ClCompile>
    <ClCompile Include="MainRenderer\RenderObjects\RenderFactories\RenderFactory.cpp">
      <Filter>RenderObjects\RenderFactory</Filter>
    </ClCompile>
    <ClCompile Include="MainRenderer\ShaderManager.cpp">
      <Filter>MainRenderer</Filter>
    </ClCompile>
    <ClCompile Include="MainRenderer\Handlers\ImageHandler.cpp">
      <Filter>MainRenderer\Handlers</Filter>
    </ClCompile>
    <ClCompile Include="MainRenderer\RenderObjects\Components\MeshData.cpp">
      <Filter>RenderObjects\Components</Filter>
    </ClCompile>
    <ClCompile Include="MainRenderer\Handlers\DepthHandler.cpp">
      <Filter>MainRenderer\Handlers</Filter>
    </ClCompile>
    <ClCompile Include="MainRenderer\VulkanSwapChain.cpp">
      <Filter>MainRenderer</Filter>
    </ClCompile>
    <ClCompile Include="MainRenderer\VulkanDevice.cpp">
      <Filter>MainRenderer</Filter>
    </ClCompile>
    <ClCompile Include="MainRenderer\RenderObjects\CameraObject.cpp">
      <Filter>RenderObjects</Filter>
    </ClCompile>
    <ClCompile Include="MainRenderer\RenderObjects\SceneObject.cpp">
      <Filter>RenderObjects</Filter>
    </ClCompile>
    <ClCompile Include="MainRenderer\CameraController.cpp">
      <Filter>RenderInterfaces</Filter>
    </ClCompile>
    <ClCompile Include="MainRenderer\ObjectManager.cpp">
      <Filter>RenderInterfaces</Filter>
    </ClCompile>
    <ClCompile Include="MainRenderer\SceneManager.cpp">
      <Filter>RenderInterfaces</Filter>
    </ClCompile>
    <ClCompile Include="MainRenderer\Scene.cpp">
      <Filter>RenderInterfaces</Filter>
    </ClCompile>
    <ClCompile Include="MainRenderer\RenderObjects\Components\Material.cpp">
      <Filter>RenderObjects\Components</Filter>
    </ClCompile>
    <ClCompile Include="MainRenderer\Handlers\DescriptorHandler.cpp">
      <Filter>MainRenderer\Handlers</Filter>
    </ClCompile>
    <ClCompile Include="GUISystem\ImGUI\GUITypes.cpp" />
    <ClCompile Include="GUISystem\ImGUI\GUI.cpp" />
    <ClCompile Include="..\ExternalLibraries\ImGUI\imgui.cpp">
      <Filter>ImGuiFiles</Filter>
    </ClCompile>
    <ClCompile Include="..\ExternalLibraries\ImGUI\imgui_demo.cpp">
      <Filter>ImGuiFiles</Filter>
    </ClCompile>
    <ClCompile Include="..\ExternalLibraries\ImGUI\imgui_impl_glfw.cpp">
      <Filter>ImGuiFiles</Filter>
    </ClCompile>
    <ClCompile Include="..\ExternalLibraries\ImGUI\imgui_impl_vulkan.cpp">
      <Filter>ImGuiFiles</Filter>
    </ClCompile>
    <ClCompile Include="..\ExternalLibraries\ImGUI\imgui_draw.cpp">
      <Filter>ImGuiFiles</Filter>
    </ClCompile>
    <ClCompile Include="..\ExternalLibraries\ImGUI\imgui_tables.cpp">
      <Filter>ImGuiFiles</Filter>
    </ClCompile>
    <ClCompile Include="..\ExternalLibraries\ImGUI\imgui_widgets.cpp">
      <Filter>ImGuiFiles</Filter>
    </ClCompile>
  </ItemGroup>
  <ItemGroup>
    <ClInclude Include="MainRenderer\Renderer.h">
      <Filter>MainRenderer</Filter>
    </ClInclude>
    <ClInclude Include="MainRenderer\Window.h">
      <Filter>MainRenderer</Filter>
    </ClInclude>
    <ClInclude Include="MainRenderer\VulkanDebugger\VulkanDebug.h">
      <Filter>MainRenderer\VulkanDebug</Filter>
    </ClInclude>
    <ClInclude Include="MainRenderer\Tools\ResourceLoader.h">
      <Filter>Tools</Filter>
    </ClInclude>
    <ClInclude Include="MainRenderer\Structs\BufferData.h">
      <Filter>Structs</Filter>
    </ClInclude>
    <ClInclude Include="MainRenderer\RenderObjects\Components\Transform.h">
      <Filter>RenderObjects\Components</Filter>
    </ClInclude>
    <ClInclude Include="MainRenderer\RenderObjects\BaseRenderObject.h">
      <Filter>RenderObjects</Filter>
    </ClInclude>
    <ClInclude Include="MainRenderer\RenderObjects\RenderShape.h">
      <Filter>RenderObjects</Filter>
    </ClInclude>
    <ClInclude Include="MainRenderer\RenderObjects\Components\RenderObjectData.h">
      <Filter>RenderObjects\Components</Filter>
    </ClInclude>
    <ClInclude Include="MainRenderer\RenderObjects\RenderFactories\RenderFactory.h">
      <Filter>RenderObjects\RenderFactory</Filter>
    </ClInclude>
    <ClInclude Include="MainRenderer\ShaderManager.h">
      <Filter>MainRenderer</Filter>
    </ClInclude>
    <ClInclude Include="MainRenderer\Handlers\ImageHandler.h">
      <Filter>MainRenderer\Handlers</Filter>
    </ClInclude>
    <ClInclude Include="MainRenderer\RenderObjects\Components\MeshData.h">
      <Filter>RenderObjects\Components</Filter>
    </ClInclude>
    <ClInclude Include="MainRenderer\Handlers\DepthHandler.h">
      <Filter>MainRenderer\Handlers</Filter>
    </ClInclude>
    <ClInclude Include="MainRenderer\Structs\PipelineData.h">
      <Filter>Structs</Filter>
    </ClInclude>
    <ClInclude Include="MainRenderer\Tools\ObjectPool.h">
      <Filter>Tools</Filter>
    </ClInclude>
    <ClInclude Include="MainRenderer\Structs\TextureData.h">
      <Filter>Structs</Filter>
    </ClInclude>
    <ClInclude Include="MainRenderer\Structs\FrameData.h">
      <Filter>Structs</Filter>
    </ClInclude>
    <ClInclude Include="MainRenderer\VulkanSwapChain.h">
      <Filter>MainRenderer</Filter>
    </ClInclude>
    <ClInclude Include="MainRenderer\VulkanDevice.h">
      <Filter>MainRenderer</Filter>
    </ClInclude>
    <ClInclude Include="MainRenderer\RenderObjects\CameraObject.h">
      <Filter>RenderObjects</Filter>
    </ClInclude>
    <ClInclude Include="MainRenderer\RenderObjects\SceneObject.h">
      <Filter>RenderObjects</Filter>
    </ClInclude>
    <ClInclude Include="MainRenderer\Tools\VulkanInitializers.h">
      <Filter>Tools</Filter>
    </ClInclude>
    <ClInclude Include="MainRenderer\Structs\SceneData.h">
      <Filter>Structs</Filter>
    </ClInclude>
    <ClInclude Include="MainRenderer\CameraController.h">
      <Filter>RenderInterfaces</Filter>
    </ClInclude>
    <ClInclude Include="MainRenderer\ObjectManager.h">
      <Filter>RenderInterfaces</Filter>
    </ClInclude>
    <ClInclude Include="MainRenderer\SceneManager.h">
      <Filter>RenderInterfaces</Filter>
    </ClInclude>
    <ClInclude Include="MainRenderer\Scene.h">
      <Filter>RenderInterfaces</Filter>
    </ClInclude>
    <ClInclude Include="MainRenderer\RenderObjects\Components\Material.h">
      <Filter>RenderObjects\Components</Filter>
    </ClInclude>
    <ClInclude Include="MainRenderer\Handlers\DescriptorHandler.h">
      <Filter>MainRenderer\Handlers</Filter>
    </ClInclude>
    <ClInclude Include="GUISystem\ImGUI\GUITypes.h" />
    <ClInclude Include="GUISystem\ImGUI\GUI.h" />
    <ClInclude Include="..\ExternalLibraries\ImGUI\imgui.h">
      <Filter>ImGuiFiles</Filter>
    </ClInclude>
    <ClInclude Include="..\ExternalLibraries\ImGUI\imgui_impl_glfw.h">
      <Filter>ImGuiFiles</Filter>
    </ClInclude>
    <ClInclude Include="..\ExternalLibraries\ImGUI\imgui_impl_vulkan.h">
      <Filter>ImGuiFiles</Filter>
    </ClInclude>
    <ClInclude Include="..\ExternalLibraries\ImGUI\imconfig.h">
      <Filter>ImGuiFiles</Filter>
    </ClInclude>
    <ClInclude Include="..\ExternalLibraries\ImGUI\imgui_internal.h">
      <Filter>ImGuiFiles</Filter>
    </ClInclude>
    <ClInclude Include="..\ExternalLibraries\ImGUI\imstb_rectpack.h">
      <Filter>ImGuiFiles</Filter>
    </ClInclude>
    <ClInclude Include="..\ExternalLibraries\ImGUI\imstb_textedit.h">
      <Filter>ImGuiFiles</Filter>
    </ClInclude>
    <ClInclude Include="..\ExternalLibraries\ImGUI\imstb_truetype.h">
      <Filter>ImGuiFiles</Filter>
    </ClInclude>
  </ItemGroup>
</Project>